// !$*UTF8*$!
{
	archiveVersion = 1;
	classes = {
	};
	objectVersion = 56;
	objects = {

/* Begin PBXBuildFile section */
		D532C92C2BABA1C30038EA94 /* TessaApp.swift in Sources */ = {isa = PBXBuildFile; fileRef = D532C92B2BABA1C30038EA94 /* TessaApp.swift */; };
		D532C92E2BABA1C30038EA94 /* ContentView.swift in Sources */ = {isa = PBXBuildFile; fileRef = D532C92D2BABA1C30038EA94 /* ContentView.swift */; };
		D532C9302BABA1C40038EA94 /* Assets.xcassets in Resources */ = {isa = PBXBuildFile; fileRef = D532C92F2BABA1C40038EA94 /* Assets.xcassets */; };
		D532C9332BABA1C40038EA94 /* Preview Assets.xcassets in Resources */ = {isa = PBXBuildFile; fileRef = D532C9322BABA1C40038EA94 /* Preview Assets.xcassets */; };
		D532C93C2BABA49B0038EA94 /* ClassPicker.swift in Sources */ = {isa = PBXBuildFile; fileRef = D532C93B2BABA49B0038EA94 /* ClassPicker.swift */; };
		D532C9402BABAD8C0038EA94 /* OverviewView.swift in Sources */ = {isa = PBXBuildFile; fileRef = D532C93F2BABAD8C0038EA94 /* OverviewView.swift */; };
		D532C9452BABAE5C0038EA94 /* AppView.swift in Sources */ = {isa = PBXBuildFile; fileRef = D532C9442BABAE5C0038EA94 /* AppView.swift */; };
		D532C94A2BABAECA0038EA94 /* StudentsView.swift in Sources */ = {isa = PBXBuildFile; fileRef = D532C9492BABAECA0038EA94 /* StudentsView.swift */; };
		D532C94D2BABAEF80038EA94 /* StudentDetailView.swift in Sources */ = {isa = PBXBuildFile; fileRef = D532C94C2BABAEF80038EA94 /* StudentDetailView.swift */; };
		D532C94F2BABAF1F0038EA94 /* TestsView.swift in Sources */ = {isa = PBXBuildFile; fileRef = D532C94E2BABAF1F0038EA94 /* TestsView.swift */; };
		D532C9522BABB4FA0038EA94 /* StatsView.swift in Sources */ = {isa = PBXBuildFile; fileRef = D532C9512BABB4FA0038EA94 /* StatsView.swift */; };
		D532C9562BABB59C0038EA94 /* Student.swift in Sources */ = {isa = PBXBuildFile; fileRef = D532C9552BABB59C0038EA94 /* Student.swift */; };
		D532C9582BABBB910038EA94 /* TableTest.swift in Sources */ = {isa = PBXBuildFile; fileRef = D532C9572BABBB910038EA94 /* TableTest.swift */; };
		D532C95E2BABDE5F0038EA94 /* Studentclass.swift in Sources */ = {isa = PBXBuildFile; fileRef = D532C95D2BABDE5F0038EA94 /* Studentclass.swift */; };
		D532C9602BABDEC60038EA94 /* Teacher.swift in Sources */ = {isa = PBXBuildFile; fileRef = D532C95F2BABDEC60038EA94 /* Teacher.swift */; };
		D532C9622BABE33C0038EA94 /* Exam.swift in Sources */ = {isa = PBXBuildFile; fileRef = D532C9612BABE33C0038EA94 /* Exam.swift */; };
		D532C9642BABE3900038EA94 /* Criteria.swift in Sources */ = {isa = PBXBuildFile; fileRef = D532C9632BABE3900038EA94 /* Criteria.swift */; };
		D532C9662BABE3DC0038EA94 /* Mark.swift in Sources */ = {isa = PBXBuildFile; fileRef = D532C9652BABE3DC0038EA94 /* Mark.swift */; };
		D532C9682BABE4330038EA94 /* ServerConnection.swift in Sources */ = {isa = PBXBuildFile; fileRef = D532C9672BABE4330038EA94 /* ServerConnection.swift */; };
		D5A9B1E92BAC563C005B5723 /* Table.swift in Sources */ = {isa = PBXBuildFile; fileRef = D5A9B1E82BAC563C005B5723 /* Table.swift */; };
/* End PBXBuildFile section */

/* Begin PBXFileReference section */
		D532C9282BABA1C30038EA94 /* Tessa.app */ = {isa = PBXFileReference; explicitFileType = wrapper.application; includeInIndex = 0; path = Tessa.app; sourceTree = BUILT_PRODUCTS_DIR; };
		D532C92B2BABA1C30038EA94 /* TessaApp.swift */ = {isa = PBXFileReference; lastKnownFileType = sourcecode.swift; path = TessaApp.swift; sourceTree = "<group>"; };
		D532C92D2BABA1C30038EA94 /* ContentView.swift */ = {isa = PBXFileReference; lastKnownFileType = sourcecode.swift; path = ContentView.swift; sourceTree = "<group>"; };
		D532C92F2BABA1C40038EA94 /* Assets.xcassets */ = {isa = PBXFileReference; lastKnownFileType = folder.assetcatalog; path = Assets.xcassets; sourceTree = "<group>"; };
		D532C9322BABA1C40038EA94 /* Preview Assets.xcassets */ = {isa = PBXFileReference; lastKnownFileType = folder.assetcatalog; path = "Preview Assets.xcassets"; sourceTree = "<group>"; };
		D532C93B2BABA49B0038EA94 /* ClassPicker.swift */ = {isa = PBXFileReference; lastKnownFileType = sourcecode.swift; path = ClassPicker.swift; sourceTree = "<group>"; };
		D532C93F2BABAD8C0038EA94 /* OverviewView.swift */ = {isa = PBXFileReference; lastKnownFileType = sourcecode.swift; path = OverviewView.swift; sourceTree = "<group>"; };
		D532C9442BABAE5C0038EA94 /* AppView.swift */ = {isa = PBXFileReference; lastKnownFileType = sourcecode.swift; path = AppView.swift; sourceTree = "<group>"; };
		D532C9492BABAECA0038EA94 /* StudentsView.swift */ = {isa = PBXFileReference; lastKnownFileType = sourcecode.swift; path = StudentsView.swift; sourceTree = "<group>"; };
		D532C94C2BABAEF80038EA94 /* StudentDetailView.swift */ = {isa = PBXFileReference; lastKnownFileType = sourcecode.swift; path = StudentDetailView.swift; sourceTree = "<group>"; };
		D532C94E2BABAF1F0038EA94 /* TestsView.swift */ = {isa = PBXFileReference; lastKnownFileType = sourcecode.swift; path = TestsView.swift; sourceTree = "<group>"; };
		D532C9512BABB4FA0038EA94 /* StatsView.swift */ = {isa = PBXFileReference; lastKnownFileType = sourcecode.swift; path = StatsView.swift; sourceTree = "<group>"; };
		D532C9552BABB59C0038EA94 /* Student.swift */ = {isa = PBXFileReference; lastKnownFileType = sourcecode.swift; path = Student.swift; sourceTree = "<group>"; };
		D532C9572BABBB910038EA94 /* TableTest.swift */ = {isa = PBXFileReference; lastKnownFileType = sourcecode.swift; path = TableTest.swift; sourceTree = "<group>"; };
		D532C95D2BABDE5F0038EA94 /* Studentclass.swift */ = {isa = PBXFileReference; lastKnownFileType = sourcecode.swift; path = Studentclass.swift; sourceTree = "<group>"; };
		D532C95F2BABDEC60038EA94 /* Teacher.swift */ = {isa = PBXFileReference; lastKnownFileType = sourcecode.swift; path = Teacher.swift; sourceTree = "<group>"; };
		D532C9612BABE33C0038EA94 /* Exam.swift */ = {isa = PBXFileReference; lastKnownFileType = sourcecode.swift; path = Exam.swift; sourceTree = "<group>"; };
		D532C9632BABE3900038EA94 /* Criteria.swift */ = {isa = PBXFileReference; lastKnownFileType = sourcecode.swift; path = Criteria.swift; sourceTree = "<group>"; };
		D532C9652BABE3DC0038EA94 /* Mark.swift */ = {isa = PBXFileReference; lastKnownFileType = sourcecode.swift; path = Mark.swift; sourceTree = "<group>"; };
		D532C9672BABE4330038EA94 /* ServerConnection.swift */ = {isa = PBXFileReference; lastKnownFileType = sourcecode.swift; path = ServerConnection.swift; sourceTree = "<group>"; };
		D5A9B1E82BAC563C005B5723 /* Table.swift */ = {isa = PBXFileReference; lastKnownFileType = sourcecode.swift; path = Table.swift; sourceTree = "<group>"; };
/* End PBXFileReference section */

/* Begin PBXFrameworksBuildPhase section */
		D532C9252BABA1C30038EA94 /* Frameworks */ = {
			isa = PBXFrameworksBuildPhase;
			buildActionMask = 2147483647;
			files = (
			);
			runOnlyForDeploymentPostprocessing = 0;
		};
/* End PBXFrameworksBuildPhase section */

/* Begin PBXGroup section */
		D532C91F2BABA1C30038EA94 = {
			isa = PBXGroup;
			children = (
				D532C92A2BABA1C30038EA94 /* Tessa */,
				D532C9292BABA1C30038EA94 /* Products */,
			);
			sourceTree = "<group>";
		};
		D532C9292BABA1C30038EA94 /* Products */ = {
			isa = PBXGroup;
			children = (
				D532C9282BABA1C30038EA94 /* Tessa.app */,
			);
			name = Products;
			sourceTree = "<group>";
		};
		D532C92A2BABA1C30038EA94 /* Tessa */ = {
			isa = PBXGroup;
			children = (
				D532C92B2BABA1C30038EA94 /* TessaApp.swift */,
				D532C9442BABAE5C0038EA94 /* AppView.swift */,
				D532C92D2BABA1C30038EA94 /* ContentView.swift */,
				D532C9422BABAD9F0038EA94 /* ClassPicker Subsystem */,
				D532C9412BABAD920038EA94 /* Overview Subsystem */,
				D532C94B2BABAECE0038EA94 /* Student Subsystem */,
				D532C9502BABAF220038EA94 /* Test Subsystem */,
				D532C9532BABB4FD0038EA94 /* Statistics Subsystem */,
				D532C9542BABB58E0038EA94 /* Models */,
				D532C9692BABE8CB0038EA94 /* Networking */,
				D532C92F2BABA1C40038EA94 /* Assets.xcassets */,
				D532C9312BABA1C40038EA94 /* Preview Content */,
			);
			path = Tessa;
			sourceTree = "<group>";
		};
		D532C9312BABA1C40038EA94 /* Preview Content */ = {
			isa = PBXGroup;
			children = (
				D532C9322BABA1C40038EA94 /* Preview Assets.xcassets */,
			);
			path = "Preview Content";
			sourceTree = "<group>";
		};
		D532C9412BABAD920038EA94 /* Overview Subsystem */ = {
			isa = PBXGroup;
			children = (
				D532C93F2BABAD8C0038EA94 /* OverviewView.swift */,
			);
			path = "Overview Subsystem";
			sourceTree = "<group>";
		};
		D532C9422BABAD9F0038EA94 /* ClassPicker Subsystem */ = {
			isa = PBXGroup;
			children = (
				D532C93B2BABA49B0038EA94 /* ClassPicker.swift */,
			);
			path = "ClassPicker Subsystem";
			sourceTree = "<group>";
		};
		D532C94B2BABAECE0038EA94 /* Student Subsystem */ = {
			isa = PBXGroup;
			children = (
				D532C9492BABAECA0038EA94 /* StudentsView.swift */,
				D532C94C2BABAEF80038EA94 /* StudentDetailView.swift */,
			);
			path = "Student Subsystem";
			sourceTree = "<group>";
		};
		D532C9502BABAF220038EA94 /* Test Subsystem */ = {
			isa = PBXGroup;
			children = (
				D532C94E2BABAF1F0038EA94 /* TestsView.swift */,
			);
			path = "Test Subsystem";
			sourceTree = "<group>";
		};
		D532C9532BABB4FD0038EA94 /* Statistics Subsystem */ = {
			isa = PBXGroup;
			children = (
				D532C9512BABB4FA0038EA94 /* StatsView.swift */,
			);
			path = "Statistics Subsystem";
			sourceTree = "<group>";
		};
		D532C9542BABB58E0038EA94 /* Models */ = {
			isa = PBXGroup;
			children = (
				D532C9552BABB59C0038EA94 /* Student.swift */,
				D532C9652BABE3DC0038EA94 /* Mark.swift */,
				D532C95D2BABDE5F0038EA94 /* Studentclass.swift */,
				D532C95F2BABDEC60038EA94 /* Teacher.swift */,
				D532C9612BABE33C0038EA94 /* Exam.swift */,
				D532C9632BABE3900038EA94 /* Criteria.swift */,
				D532C9572BABBB910038EA94 /* TableTest.swift */,
				D5A9B1E82BAC563C005B5723 /* Table.swift */,
			);
			path = Models;
			sourceTree = "<group>";
		};
		D532C9692BABE8CB0038EA94 /* Networking */ = {
			isa = PBXGroup;
			children = (
				D532C9672BABE4330038EA94 /* ServerConnection.swift */,
			);
			path = Networking;
			sourceTree = "<group>";
		};
/* End PBXGroup section */

/* Begin PBXNativeTarget section */
		D532C9272BABA1C30038EA94 /* Tessa */ = {
			isa = PBXNativeTarget;
			buildConfigurationList = D532C9362BABA1C40038EA94 /* Build configuration list for PBXNativeTarget "Tessa" */;
			buildPhases = (
				D532C9242BABA1C30038EA94 /* Sources */,
				D532C9252BABA1C30038EA94 /* Frameworks */,
				D532C9262BABA1C30038EA94 /* Resources */,
			);
			buildRules = (
			);
			dependencies = (
			);
			name = Tessa;
			productName = Tessa;
			productReference = D532C9282BABA1C30038EA94 /* Tessa.app */;
			productType = "com.apple.product-type.application";
		};
/* End PBXNativeTarget section */

/* Begin PBXProject section */
		D532C9202BABA1C30038EA94 /* Project object */ = {
			isa = PBXProject;
			attributes = {
				BuildIndependentTargetsInParallel = 1;
				LastSwiftUpdateCheck = 1530;
				LastUpgradeCheck = 1530;
				TargetAttributes = {
					D532C9272BABA1C30038EA94 = {
						CreatedOnToolsVersion = 15.3;
					};
				};
			};
			buildConfigurationList = D532C9232BABA1C30038EA94 /* Build configuration list for PBXProject "Tessa" */;
			compatibilityVersion = "Xcode 14.0";
			developmentRegion = en;
			hasScannedForEncodings = 0;
			knownRegions = (
				en,
				Base,
			);
			mainGroup = D532C91F2BABA1C30038EA94;
			productRefGroup = D532C9292BABA1C30038EA94 /* Products */;
			projectDirPath = "";
			projectRoot = "";
			targets = (
				D532C9272BABA1C30038EA94 /* Tessa */,
			);
		};
/* End PBXProject section */

/* Begin PBXResourcesBuildPhase section */
		D532C9262BABA1C30038EA94 /* Resources */ = {
			isa = PBXResourcesBuildPhase;
			buildActionMask = 2147483647;
			files = (
				D532C9332BABA1C40038EA94 /* Preview Assets.xcassets in Resources */,
				D532C9302BABA1C40038EA94 /* Assets.xcassets in Resources */,
			);
			runOnlyForDeploymentPostprocessing = 0;
		};
/* End PBXResourcesBuildPhase section */

/* Begin PBXSourcesBuildPhase section */
		D532C9242BABA1C30038EA94 /* Sources */ = {
			isa = PBXSourcesBuildPhase;
			buildActionMask = 2147483647;
			files = (
				D532C9662BABE3DC0038EA94 /* Mark.swift in Sources */,
				D532C9622BABE33C0038EA94 /* Exam.swift in Sources */,
				D532C95E2BABDE5F0038EA94 /* Studentclass.swift in Sources */,
				D532C9682BABE4330038EA94 /* ServerConnection.swift in Sources */,
				D532C94F2BABAF1F0038EA94 /* TestsView.swift in Sources */,
				D532C94D2BABAEF80038EA94 /* StudentDetailView.swift in Sources */,
				D532C93C2BABA49B0038EA94 /* ClassPicker.swift in Sources */,
				D532C9602BABDEC60038EA94 /* Teacher.swift in Sources */,
				D532C9562BABB59C0038EA94 /* Student.swift in Sources */,
				D532C92E2BABA1C30038EA94 /* ContentView.swift in Sources */,
				D532C9582BABBB910038EA94 /* TableTest.swift in Sources */,
				D532C94A2BABAECA0038EA94 /* StudentsView.swift in Sources */,
				D532C9452BABAE5C0038EA94 /* AppView.swift in Sources */,
				D532C92C2BABA1C30038EA94 /* TessaApp.swift in Sources */,
				D5A9B1E92BAC563C005B5723 /* Table.swift in Sources */,
				D532C9642BABE3900038EA94 /* Criteria.swift in Sources */,
				D532C9402BABAD8C0038EA94 /* OverviewView.swift in Sources */,
				D532C9522BABB4FA0038EA94 /* StatsView.swift in Sources */,
			);
			runOnlyForDeploymentPostprocessing = 0;
		};
/* End PBXSourcesBuildPhase section */

/* Begin XCBuildConfiguration section */
		D532C9342BABA1C40038EA94 /* Debug */ = {
			isa = XCBuildConfiguration;
			buildSettings = {
				ALWAYS_SEARCH_USER_PATHS = NO;
				ASSETCATALOG_COMPILER_GENERATE_SWIFT_ASSET_SYMBOL_EXTENSIONS = YES;
				CLANG_ANALYZER_NONNULL = YES;
				CLANG_ANALYZER_NUMBER_OBJECT_CONVERSION = YES_AGGRESSIVE;
				CLANG_CXX_LANGUAGE_STANDARD = "gnu++20";
				CLANG_ENABLE_MODULES = YES;
				CLANG_ENABLE_OBJC_ARC = YES;
				CLANG_ENABLE_OBJC_WEAK = YES;
				CLANG_WARN_BLOCK_CAPTURE_AUTORELEASING = YES;
				CLANG_WARN_BOOL_CONVERSION = YES;
				CLANG_WARN_COMMA = YES;
				CLANG_WARN_CONSTANT_CONVERSION = YES;
				CLANG_WARN_DEPRECATED_OBJC_IMPLEMENTATIONS = YES;
				CLANG_WARN_DIRECT_OBJC_ISA_USAGE = YES_ERROR;
				CLANG_WARN_DOCUMENTATION_COMMENTS = YES;
				CLANG_WARN_EMPTY_BODY = YES;
				CLANG_WARN_ENUM_CONVERSION = YES;
				CLANG_WARN_INFINITE_RECURSION = YES;
				CLANG_WARN_INT_CONVERSION = YES;
				CLANG_WARN_NON_LITERAL_NULL_CONVERSION = YES;
				CLANG_WARN_OBJC_IMPLICIT_RETAIN_SELF = YES;
				CLANG_WARN_OBJC_LITERAL_CONVERSION = YES;
				CLANG_WARN_OBJC_ROOT_CLASS = YES_ERROR;
				CLANG_WARN_QUOTED_INCLUDE_IN_FRAMEWORK_HEADER = YES;
				CLANG_WARN_RANGE_LOOP_ANALYSIS = YES;
				CLANG_WARN_STRICT_PROTOTYPES = YES;
				CLANG_WARN_SUSPICIOUS_MOVE = YES;
				CLANG_WARN_UNGUARDED_AVAILABILITY = YES_AGGRESSIVE;
				CLANG_WARN_UNREACHABLE_CODE = YES;
				CLANG_WARN__DUPLICATE_METHOD_MATCH = YES;
				COPY_PHASE_STRIP = NO;
				DEBUG_INFORMATION_FORMAT = dwarf;
				ENABLE_STRICT_OBJC_MSGSEND = YES;
				ENABLE_TESTABILITY = YES;
				ENABLE_USER_SCRIPT_SANDBOXING = YES;
				GCC_C_LANGUAGE_STANDARD = gnu17;
				GCC_DYNAMIC_NO_PIC = NO;
				GCC_NO_COMMON_BLOCKS = YES;
				GCC_OPTIMIZATION_LEVEL = 0;
				GCC_PREPROCESSOR_DEFINITIONS = (
					"DEBUG=1",
					"$(inherited)",
				);
				GCC_WARN_64_TO_32_BIT_CONVERSION = YES;
				GCC_WARN_ABOUT_RETURN_TYPE = YES_ERROR;
				GCC_WARN_UNDECLARED_SELECTOR = YES;
				GCC_WARN_UNINITIALIZED_AUTOS = YES_AGGRESSIVE;
				GCC_WARN_UNUSED_FUNCTION = YES;
				GCC_WARN_UNUSED_VARIABLE = YES;
				IPHONEOS_DEPLOYMENT_TARGET = 17.4;
				LOCALIZATION_PREFERS_STRING_CATALOGS = YES;
				MTL_ENABLE_DEBUG_INFO = INCLUDE_SOURCE;
				MTL_FAST_MATH = YES;
				ONLY_ACTIVE_ARCH = YES;
				SDKROOT = iphoneos;
				SWIFT_ACTIVE_COMPILATION_CONDITIONS = "DEBUG $(inherited)";
				SWIFT_OPTIMIZATION_LEVEL = "-Onone";
			};
			name = Debug;
		};
		D532C9352BABA1C40038EA94 /* Release */ = {
			isa = XCBuildConfiguration;
			buildSettings = {
				ALWAYS_SEARCH_USER_PATHS = NO;
				ASSETCATALOG_COMPILER_GENERATE_SWIFT_ASSET_SYMBOL_EXTENSIONS = YES;
				CLANG_ANALYZER_NONNULL = YES;
				CLANG_ANALYZER_NUMBER_OBJECT_CONVERSION = YES_AGGRESSIVE;
				CLANG_CXX_LANGUAGE_STANDARD = "gnu++20";
				CLANG_ENABLE_MODULES = YES;
				CLANG_ENABLE_OBJC_ARC = YES;
				CLANG_ENABLE_OBJC_WEAK = YES;
				CLANG_WARN_BLOCK_CAPTURE_AUTORELEASING = YES;
				CLANG_WARN_BOOL_CONVERSION = YES;
				CLANG_WARN_COMMA = YES;
				CLANG_WARN_CONSTANT_CONVERSION = YES;
				CLANG_WARN_DEPRECATED_OBJC_IMPLEMENTATIONS = YES;
				CLANG_WARN_DIRECT_OBJC_ISA_USAGE = YES_ERROR;
				CLANG_WARN_DOCUMENTATION_COMMENTS = YES;
				CLANG_WARN_EMPTY_BODY = YES;
				CLANG_WARN_ENUM_CONVERSION = YES;
				CLANG_WARN_INFINITE_RECURSION = YES;
				CLANG_WARN_INT_CONVERSION = YES;
				CLANG_WARN_NON_LITERAL_NULL_CONVERSION = YES;
				CLANG_WARN_OBJC_IMPLICIT_RETAIN_SELF = YES;
				CLANG_WARN_OBJC_LITERAL_CONVERSION = YES;
				CLANG_WARN_OBJC_ROOT_CLASS = YES_ERROR;
				CLANG_WARN_QUOTED_INCLUDE_IN_FRAMEWORK_HEADER = YES;
				CLANG_WARN_RANGE_LOOP_ANALYSIS = YES;
				CLANG_WARN_STRICT_PROTOTYPES = YES;
				CLANG_WARN_SUSPICIOUS_MOVE = YES;
				CLANG_WARN_UNGUARDED_AVAILABILITY = YES_AGGRESSIVE;
				CLANG_WARN_UNREACHABLE_CODE = YES;
				CLANG_WARN__DUPLICATE_METHOD_MATCH = YES;
				COPY_PHASE_STRIP = NO;
				DEBUG_INFORMATION_FORMAT = "dwarf-with-dsym";
				ENABLE_NS_ASSERTIONS = NO;
				ENABLE_STRICT_OBJC_MSGSEND = YES;
				ENABLE_USER_SCRIPT_SANDBOXING = YES;
				GCC_C_LANGUAGE_STANDARD = gnu17;
				GCC_NO_COMMON_BLOCKS = YES;
				GCC_WARN_64_TO_32_BIT_CONVERSION = YES;
				GCC_WARN_ABOUT_RETURN_TYPE = YES_ERROR;
				GCC_WARN_UNDECLARED_SELECTOR = YES;
				GCC_WARN_UNINITIALIZED_AUTOS = YES_AGGRESSIVE;
				GCC_WARN_UNUSED_FUNCTION = YES;
				GCC_WARN_UNUSED_VARIABLE = YES;
				IPHONEOS_DEPLOYMENT_TARGET = 17.4;
				LOCALIZATION_PREFERS_STRING_CATALOGS = YES;
				MTL_ENABLE_DEBUG_INFO = NO;
				MTL_FAST_MATH = YES;
				SDKROOT = iphoneos;
				SWIFT_COMPILATION_MODE = wholemodule;
				VALIDATE_PRODUCT = YES;
			};
			name = Release;
		};
		D532C9372BABA1C40038EA94 /* Debug */ = {
			isa = XCBuildConfiguration;
			buildSettings = {
				ASSETCATALOG_COMPILER_APPICON_NAME = AppIcon;
				ASSETCATALOG_COMPILER_GLOBAL_ACCENT_COLOR_NAME = AccentColor;
				CODE_SIGN_STYLE = Automatic;
				CURRENT_PROJECT_VERSION = 1;
				DEVELOPMENT_ASSET_PATHS = "\"Tessa/Preview Content\"";
				DEVELOPMENT_TEAM = MS722XWYZ6;
				ENABLE_PREVIEWS = YES;
				GENERATE_INFOPLIST_FILE = YES;
				INFOPLIST_KEY_UIApplicationSceneManifest_Generation = YES;
				INFOPLIST_KEY_UIApplicationSupportsIndirectInputEvents = YES;
				INFOPLIST_KEY_UILaunchScreen_Generation = YES;
				INFOPLIST_KEY_UISupportedInterfaceOrientations_iPad = "UIInterfaceOrientationPortrait UIInterfaceOrientationPortraitUpsideDown UIInterfaceOrientationLandscapeLeft UIInterfaceOrientationLandscapeRight";
				INFOPLIST_KEY_UISupportedInterfaceOrientations_iPhone = "UIInterfaceOrientationPortrait UIInterfaceOrientationLandscapeLeft UIInterfaceOrientationLandscapeRight";
				IPHONEOS_DEPLOYMENT_TARGET = 17.3;
				LD_RUNPATH_SEARCH_PATHS = (
					"$(inherited)",
					"@executable_path/Frameworks",
				);
				MARKETING_VERSION = 1.0;
				PRODUCT_BUNDLE_IDENTIFIER = "de.lukas-rapp.tessa.teacing-assistant.Tessa";
				PRODUCT_NAME = "$(TARGET_NAME)";
				SWIFT_EMIT_LOC_STRINGS = YES;
				SWIFT_VERSION = 5.0;
				TARGETED_DEVICE_FAMILY = "1,2";
			};
			name = Debug;
		};
		D532C9382BABA1C40038EA94 /* Release */ = {
			isa = XCBuildConfiguration;
			buildSettings = {
				ASSETCATALOG_COMPILER_APPICON_NAME = AppIcon;
				ASSETCATALOG_COMPILER_GLOBAL_ACCENT_COLOR_NAME = AccentColor;
				CODE_SIGN_STYLE = Automatic;
				CURRENT_PROJECT_VERSION = 1;
				DEVELOPMENT_ASSET_PATHS = "\"Tessa/Preview Content\"";
				DEVELOPMENT_TEAM = MS722XWYZ6;
				ENABLE_PREVIEWS = YES;
				GENERATE_INFOPLIST_FILE = YES;
				INFOPLIST_KEY_UIApplicationSceneManifest_Generation = YES;
				INFOPLIST_KEY_UIApplicationSupportsIndirectInputEvents = YES;
				INFOPLIST_KEY_UILaunchScreen_Generation = YES;
				INFOPLIST_KEY_UISupportedInterfaceOrientations_iPad = "UIInterfaceOrientationPortrait UIInterfaceOrientationPortraitUpsideDown UIInterfaceOrientationLandscapeLeft UIInterfaceOrientationLandscapeRight";
				INFOPLIST_KEY_UISupportedInterfaceOrientations_iPhone = "UIInterfaceOrientationPortrait UIInterfaceOrientationLandscapeLeft UIInterfaceOrientationLandscapeRight";
				IPHONEOS_DEPLOYMENT_TARGET = 17.3;
				LD_RUNPATH_SEARCH_PATHS = (
					"$(inherited)",
					"@executable_path/Frameworks",
				);
				MARKETING_VERSION = 1.0;
				PRODUCT_BUNDLE_IDENTIFIER = "de.lukas-rapp.tessa.teacing-assistant.Tessa";
				PRODUCT_NAME = "$(TARGET_NAME)";
				SWIFT_EMIT_LOC_STRINGS = YES;
				SWIFT_VERSION = 5.0;
				TARGETED_DEVICE_FAMILY = "1,2";
			};
			name = Release;
		};
/* End XCBuildConfiguration section */

/* Begin XCConfigurationList section */
		D532C9232BABA1C30038EA94 /* Build configuration list for PBXProject "Tessa" */ = {
			isa = XCConfigurationList;
			buildConfigurations = (
				D532C9342BABA1C40038EA94 /* Debug */,
				D532C9352BABA1C40038EA94 /* Release */,
			);
			defaultConfigurationIsVisible = 0;
			defaultConfigurationName = Release;
		};
		D532C9362BABA1C40038EA94 /* Build configuration list for PBXNativeTarget "Tessa" */ = {
			isa = XCConfigurationList;
			buildConfigurations = (
				D532C9372BABA1C40038EA94 /* Debug */,
				D532C9382BABA1C40038EA94 /* Release */,
			);
			defaultConfigurationIsVisible = 0;
			defaultConfigurationName = Release;
		};
/* End XCConfigurationList section */
	};
	rootObject = D532C9202BABA1C30038EA94 /* Project object */;
}
